dependencies:
  espressif/esp-nn:
    component_hash: d655eee0d597b1bfc12ff81efc49b835c1832a5521e1ff69691e50674399dbdc
    dependencies:
    - name: idf
      require: private
      version: '>=5.1'
    source:
      registry_url: https://components.espressif.com/
      type: service
    version: 1.4.0
  espressif/esp-tflite-micro:
    component_hash: bdb2625ed976d5b861177cdc295abc6738724f84f4c7c60fc58c721d2b30bed6
    dependencies:
    - name: espressif/esp-nn
      registry_url: https://components.espressif.com
      require: private
      version: '>=1.3.0'
    - name: idf
      require: private
      version: '>=5.1'
    source:
      registry_url: https://components.espressif.com/
      type: service
    version: 1.4.1
  idf:
    source:
      type: idf
    version: 5.3.1
direct_dependencies:
- espressif/esp-nn
- espressif/esp-tflite-micro
- idf
manifest_hash: 266e5a5c4b3e081f3c9d531c350b146214cec8b5eff89187a30592bc6071509b
target: esp32
version: 2.0.0
